{
  "name": "medical",
  "version": "1.0.0",
  "lockfileVersion": 1,
  "requires": true,
  "dependencies": {
    "@tencentcloud/chat-uikit-wechat": {
      "version": "1.1.3",
      "resolved": "https://registry.npmjs.org/@tencentcloud/chat-uikit-wechat/-/chat-uikit-wechat-1.1.3.tgz",
      "integrity": "sha512-LZ/aiARqJF7u5SIrEFPSG3TA6XXxEUJPhsnR1OYUJqnT+z1Ot+wVHD3NaIpQW/8WR0IBVHMZJRRWVyGBEzcN5w==",
      "requires": {
        "aegis-mp-sdk": "1.36.7",
        "tim-profanity-filter-plugin": "^0.9.0",
        "tim-upload-plugin": "^1.1.0",
        "tim-wx-sdk": "^2.26.2"
      }
    },
    "@vant/weapp": {
      "version": "1.10.24",
      "resolved": "https://registry.npmjs.org/@vant/weapp/-/weapp-1.10.24.tgz",
      "integrity": "sha512-oovAaaJq3mlB+wto5bHVCn/rov8IgRDg+gJXy6hPX0A3c9WF1GqLqSmoXyaktgidJ9IaV1RADd3PAFlw4lUsnQ=="
    },
    "@xmldom/xmldom": {
      "version": "0.8.10",
      "resolved": "https://registry.npmjs.org/@xmldom/xmldom/-/xmldom-0.8.10.tgz",
      "integrity": "sha512-2WALfTl4xo2SkGCYRt6rDTFfk9R1czmBvUQy12gK2KuRKIpWEhcbbzy8EZXtz/jkRqHX8bFEc6FC1HjX4TUWYw=="
    },
    "aegis-mp-sdk": {
      "version": "1.36.7",
      "resolved": "https://registry.npmjs.org/aegis-mp-sdk/-/aegis-mp-sdk-1.36.7.tgz",
      "integrity": "sha512-NsvfeS98uFSC4I6ZbJm7dRnsPbgqbzUHKVF2s8PAQOwbjIaANxQNHwW1aw+QkW9HSgrOaWgjtkBFm+TOZ1Mj0A==",
      "requires": {
        "miniprogram-api-typings": "^3.6.0"
      }
    },
    "cos-wx-sdk-v5": {
      "version": "1.4.12",
      "resolved": "https://registry.npmjs.org/cos-wx-sdk-v5/-/cos-wx-sdk-v5-1.4.12.tgz",
      "integrity": "sha512-Lj34r8GxGoQLvcbH0/TgSzKyOrBziisRSOGfTJJssbAs2saLhJDKqR8fSi9/ovHx3A2uH70VpK0iH5m6MQl1dg==",
      "requires": {
        "@xmldom/xmldom": "^0.8.6",
        "mime": "^2.4.6"
      }
    },
    "js-pinyin": {
      "version": "0.2.5",
      "resolved": "https://registry.npmjs.org/js-pinyin/-/js-pinyin-0.2.5.tgz",
      "integrity": "sha512-XuqAZ9fctWCzKx/ALgsDRtfd/xwaC/IyAwkDkW8jTXhlVNRuj+lG2tKEOWraCHLgaOSPkSFFWXB3qjfNTaMU6A=="
    },
    "mime": {
      "version": "2.6.0",
      "resolved": "https://registry.npmjs.org/mime/-/mime-2.6.0.tgz",
      "integrity": "sha512-USPkMeET31rOMiarsBNIHZKLGgvKc/LrjofAnBlOttf5ajRvqiRA8QsenbcooctK6d6Ts6aqZXBA+XbkKthiQg=="
    },
    "miniprogram-api-typings": {
      "version": "3.12.0",
      "resolved": "https://registry.npmjs.org/miniprogram-api-typings/-/miniprogram-api-typings-3.12.0.tgz",
      "integrity": "sha512-tE0zjq+3bFEgUROzCjXTdtLY+FmqiTX4kZWXc8bCC7M9wSHCriBz+ga1E2i1PcI+DQJoz2cyK8Cv2exJv6XEzA=="
    },
    "tim-profanity-filter-plugin": {
      "version": "0.9.0",
      "resolved": "https://registry.npmjs.org/tim-profanity-filter-plugin/-/tim-profanity-filter-plugin-0.9.0.tgz",
      "integrity": "sha512-SDlV3nJfOyohjg4stPMQDZ893WVgvlSwnSqY8hQhbcj80K+joFfeyRKKEkuRhvYWR0f2kn4MM1E0spnQjKN5bg=="
    },
    "tim-upload-plugin": {
      "version": "1.3.0",
      "resolved": "https://registry.npmjs.org/tim-upload-plugin/-/tim-upload-plugin-1.3.0.tgz",
      "integrity": "sha512-meoGeB3vOs3FvtBh+ik7zlOj8C03tC6MZEkjc8BKYvgTrCzBWVDXZi9a3X8AM/YtoyuTaeLuEmaLQj1O/5luuw=="
    },
    "tim-wx-sdk": {
      "version": "2.27.5",
      "resolved": "https://registry.npmjs.org/tim-wx-sdk/-/tim-wx-sdk-2.27.5.tgz",
      "integrity": "sha512-mimPb2bpnp2poLvm4n24q3suat0vJdyjK7YxdOvz6xephzmf82l8LkxGCzbM8saZ5ciXHNYdMIbrGHqF4c4hRA=="
    }
  }
}
